// !$*UTF8*$!
{
	archiveVersion = 1;
	classes = {
	};
	objectVersion = 46;
	objects = {

/* Begin PBXBuildFile section */
		0A2CA0F91E24026D00A583A3 /* main.m in Sources */ = {isa = PBXBuildFile; fileRef = 0A2CA0F81E24026D00A583A3 /* main.m */; };
		0A2CA0FC1E24026D00A583A3 /* AppDelegate.m in Sources */ = {isa = PBXBuildFile; fileRef = 0A2CA0FB1E24026D00A583A3 /* AppDelegate.m */; };
		0A2CA0FF1E24026D00A583A3 /* ScheduleViewController.m in Sources */ = {isa = PBXBuildFile; fileRef = 0A2CA0FE1E24026D00A583A3 /* ScheduleViewController.m */; };
		0A2CA1041E24026D00A583A3 /* Assets.xcassets in Resources */ = {isa = PBXBuildFile; fileRef = 0A2CA1031E24026D00A583A3 /* Assets.xcassets */; };
		0A2CA1121E24026D00A583A3 /* CarnegieTests.m in Sources */ = {isa = PBXBuildFile; fileRef = 0A2CA1111E24026D00A583A3 /* CarnegieTests.m */; };
		0A2CA11D1E24026D00A583A3 /* CarnegieUITests.m in Sources */ = {isa = PBXBuildFile; fileRef = 0A2CA11C1E24026D00A583A3 /* CarnegieUITests.m */; };
		0A45D94B1E2402A6006E4103 /* GoogleService-Info.plist in Resources */ = {isa = PBXBuildFile; fileRef = 0A45D94A1E2402A6006E4103 /* GoogleService-Info.plist */; };
		0AAC39A41E246DC900065DFD /* Default-568h@2x.png in Resources */ = {isa = PBXBuildFile; fileRef = 0AAC39A31E246DC900065DFD /* Default-568h@2x.png */; };
		0AAC39A71E24727400065DFD /* CNGECalendarManager.m in Sources */ = {isa = PBXBuildFile; fileRef = 0AAC39A61E24727400065DFD /* CNGECalendarManager.m */; };
		0AAC39AA1E2550CE00065DFD /* Event.m in Sources */ = {isa = PBXBuildFile; fileRef = 0AAC39A91E2550CE00065DFD /* Event.m */; };
		0AAC39AD1E25512800065DFD /* Contact.m in Sources */ = {isa = PBXBuildFile; fileRef = 0AAC39AC1E25512800065DFD /* Contact.m */; };
		0AAC39B41E2C908200065DFD /* Schedule.m in Sources */ = {isa = PBXBuildFile; fileRef = 0AAC39B31E2C908200065DFD /* Schedule.m */; };
		0AAC39B91E2ECC2100065DFD /* SettingsViewController.m in Sources */ = {isa = PBXBuildFile; fileRef = 0AAC39B81E2ECC2100065DFD /* SettingsViewController.m */; };
		594A25ACABB96913F62DF297 /* libPods-Carnegie.a in Frameworks */ = {isa = PBXBuildFile; fileRef = 25596A55B7D9B3815222B5B4 /* libPods-Carnegie.a */; };
		782639B62E75D856CBF55A7E /* libPods-CarnegieUITests.a in Frameworks */ = {isa = PBXBuildFile; fileRef = DC6D50AAC9662A36C4E941BB /* libPods-CarnegieUITests.a */; };
		FBB1227880C91FC0355E6312 /* libPods-CarnegieTests.a in Frameworks */ = {isa = PBXBuildFile; fileRef = 6D25394CB2BE78E1B1BC9BF0 /* libPods-CarnegieTests.a */; };
/* End PBXBuildFile section */

/* Begin PBXContainerItemProxy section */
		0A2CA10E1E24026D00A583A3 /* PBXContainerItemProxy */ = {
			isa = PBXContainerItemProxy;
			containerPortal = 0A2CA0EC1E24026D00A583A3 /* Project object */;
			proxyType = 1;
			remoteGlobalIDString = 0A2CA0F31E24026D00A583A3;
			remoteInfo = Carnegie;
		};
		0A2CA1191E24026D00A583A3 /* PBXContainerItemProxy */ = {
			isa = PBXContainerItemProxy;
			containerPortal = 0A2CA0EC1E24026D00A583A3 /* Project object */;
			proxyType = 1;
			remoteGlobalIDString = 0A2CA0F31E24026D00A583A3;
			remoteInfo = Carnegie;
		};
/* End PBXContainerItemProxy section */

/* Begin PBXFileReference section */
		0A2CA0F41E24026D00A583A3 /* Carnegie.app */ = {isa = PBXFileReference; explicitFileType = wrapper.application; includeInIndex = 0; path = Carnegie.app; sourceTree = BUILT_PRODUCTS_DIR; };
		0A2CA0F81E24026D00A583A3 /* main.m */ = {isa = PBXFileReference; lastKnownFileType = sourcecode.c.objc; path = main.m; sourceTree = "<group>"; };
		0A2CA0FA1E24026D00A583A3 /* AppDelegate.h */ = {isa = PBXFileReference; lastKnownFileType = sourcecode.c.h; path = AppDelegate.h; sourceTree = "<group>"; };
		0A2CA0FB1E24026D00A583A3 /* AppDelegate.m */ = {isa = PBXFileReference; lastKnownFileType = sourcecode.c.objc; path = AppDelegate.m; sourceTree = "<group>"; };
		0A2CA0FD1E24026D00A583A3 /* ScheduleViewController.h */ = {isa = PBXFileReference; lastKnownFileType = sourcecode.c.h; path = ScheduleViewController.h; sourceTree = "<group>"; };
		0A2CA0FE1E24026D00A583A3 /* ScheduleViewController.m */ = {isa = PBXFileReference; lastKnownFileType = sourcecode.c.objc; path = ScheduleViewController.m; sourceTree = "<group>"; };
		0A2CA1031E24026D00A583A3 /* Assets.xcassets */ = {isa = PBXFileReference; lastKnownFileType = folder.assetcatalog; path = Assets.xcassets; sourceTree = "<group>"; };
		0A2CA1081E24026D00A583A3 /* Info.plist */ = {isa = PBXFileReference; lastKnownFileType = text.plist.xml; path = Info.plist; sourceTree = "<group>"; };
		0A2CA10D1E24026D00A583A3 /* CarnegieTests.xctest */ = {isa = PBXFileReference; explicitFileType = wrapper.cfbundle; includeInIndex = 0; path = CarnegieTests.xctest; sourceTree = BUILT_PRODUCTS_DIR; };
		0A2CA1111E24026D00A583A3 /* CarnegieTests.m */ = {isa = PBXFileReference; lastKnownFileType = sourcecode.c.objc; path = CarnegieTests.m; sourceTree = "<group>"; };
		0A2CA1131E24026D00A583A3 /* Info.plist */ = {isa = PBXFileReference; lastKnownFileType = text.plist.xml; path = Info.plist; sourceTree = "<group>"; };
		0A2CA1181E24026D00A583A3 /* CarnegieUITests.xctest */ = {isa = PBXFileReference; explicitFileType = wrapper.cfbundle; includeInIndex = 0; path = CarnegieUITests.xctest; sourceTree = BUILT_PRODUCTS_DIR; };
		0A2CA11C1E24026D00A583A3 /* CarnegieUITests.m */ = {isa = PBXFileReference; lastKnownFileType = sourcecode.c.objc; path = CarnegieUITests.m; sourceTree = "<group>"; };
		0A2CA11E1E24026D00A583A3 /* Info.plist */ = {isa = PBXFileReference; lastKnownFileType = text.plist.xml; path = Info.plist; sourceTree = "<group>"; };
		0A45D94A1E2402A6006E4103 /* GoogleService-Info.plist */ = {isa = PBXFileReference; fileEncoding = 4; lastKnownFileType = text.plist.xml; path = "GoogleService-Info.plist"; sourceTree = "<group>"; };
		0A45D94C1E24035F006E4103 /* Carnegie.entitlements */ = {isa = PBXFileReference; lastKnownFileType = text.plist.entitlements; path = Carnegie.entitlements; sourceTree = "<group>"; };
		0AAC39A31E246DC900065DFD /* Default-568h@2x.png */ = {isa = PBXFileReference; lastKnownFileType = image.png; path = "Default-568h@2x.png"; sourceTree = "<group>"; };
		0AAC39A51E24727400065DFD /* CNGECalendarManager.h */ = {isa = PBXFileReference; fileEncoding = 4; lastKnownFileType = sourcecode.c.h; path = CNGECalendarManager.h; sourceTree = "<group>"; };
		0AAC39A61E24727400065DFD /* CNGECalendarManager.m */ = {isa = PBXFileReference; fileEncoding = 4; lastKnownFileType = sourcecode.c.objc; path = CNGECalendarManager.m; sourceTree = "<group>"; };
		0AAC39A81E2550CE00065DFD /* Event.h */ = {isa = PBXFileReference; fileEncoding = 4; lastKnownFileType = sourcecode.c.h; path = Event.h; sourceTree = "<group>"; };
		0AAC39A91E2550CE00065DFD /* Event.m */ = {isa = PBXFileReference; fileEncoding = 4; lastKnownFileType = sourcecode.c.objc; path = Event.m; sourceTree = "<group>"; };
		0AAC39AB1E25512800065DFD /* Contact.h */ = {isa = PBXFileReference; fileEncoding = 4; lastKnownFileType = sourcecode.c.h; path = Contact.h; sourceTree = "<group>"; };
		0AAC39AC1E25512800065DFD /* Contact.m */ = {isa = PBXFileReference; fileEncoding = 4; lastKnownFileType = sourcecode.c.objc; path = Contact.m; sourceTree = "<group>"; };
		0AAC39B21E2C908200065DFD /* Schedule.h */ = {isa = PBXFileReference; fileEncoding = 4; lastKnownFileType = sourcecode.c.h; path = Schedule.h; sourceTree = "<group>"; };
		0AAC39B31E2C908200065DFD /* Schedule.m */ = {isa = PBXFileReference; fileEncoding = 4; lastKnownFileType = sourcecode.c.objc; path = Schedule.m; sourceTree = "<group>"; };
		0AAC39B61E2EABC200065DFD /* Carnegie.pch */ = {isa = PBXFileReference; fileEncoding = 4; lastKnownFileType = sourcecode.c.h; path = Carnegie.pch; sourceTree = "<group>"; };
		0AAC39B71E2ECC2100065DFD /* SettingsViewController.h */ = {isa = PBXFileReference; fileEncoding = 4; lastKnownFileType = sourcecode.c.h; path = SettingsViewController.h; sourceTree = "<group>"; };
		0AAC39B81E2ECC2100065DFD /* SettingsViewController.m */ = {isa = PBXFileReference; fileEncoding = 4; lastKnownFileType = sourcecode.c.objc; path = SettingsViewController.m; sourceTree = "<group>"; };
		25596A55B7D9B3815222B5B4 /* libPods-Carnegie.a */ = {isa = PBXFileReference; explicitFileType = archive.ar; includeInIndex = 0; path = "libPods-Carnegie.a"; sourceTree = BUILT_PRODUCTS_DIR; };
		33AC21D96D3CC5DA327A9B37 /* Pods-CarnegieTests.release.xcconfig */ = {isa = PBXFileReference; includeInIndex = 1; lastKnownFileType = text.xcconfig; name = "Pods-CarnegieTests.release.xcconfig"; path = "Pods/Target Support Files/Pods-CarnegieTests/Pods-CarnegieTests.release.xcconfig"; sourceTree = "<group>"; };
		6D25394CB2BE78E1B1BC9BF0 /* libPods-CarnegieTests.a */ = {isa = PBXFileReference; explicitFileType = archive.ar; includeInIndex = 0; path = "libPods-CarnegieTests.a"; sourceTree = BUILT_PRODUCTS_DIR; };
		873D79E64BB70BECE0E4E195 /* Pods-CarnegieUITests.release.xcconfig */ = {isa = PBXFileReference; includeInIndex = 1; lastKnownFileType = text.xcconfig; name = "Pods-CarnegieUITests.release.xcconfig"; path = "Pods/Target Support Files/Pods-CarnegieUITests/Pods-CarnegieUITests.release.xcconfig"; sourceTree = "<group>"; };
		8A7A10C7264AB1D39019BD1F /* Pods-Carnegie.release.xcconfig */ = {isa = PBXFileReference; includeInIndex = 1; lastKnownFileType = text.xcconfig; name = "Pods-Carnegie.release.xcconfig"; path = "Pods/Target Support Files/Pods-Carnegie/Pods-Carnegie.release.xcconfig"; sourceTree = "<group>"; };
		A4743D24D84DD9263C3EF212 /* Pods-Carnegie.debug.xcconfig */ = {isa = PBXFileReference; includeInIndex = 1; lastKnownFileType = text.xcconfig; name = "Pods-Carnegie.debug.xcconfig"; path = "Pods/Target Support Files/Pods-Carnegie/Pods-Carnegie.debug.xcconfig"; sourceTree = "<group>"; };
		ABEF2E33A8D531CDE1D1825D /* Pods-CarnegieTests.debug.xcconfig */ = {isa = PBXFileReference; includeInIndex = 1; lastKnownFileType = text.xcconfig; name = "Pods-CarnegieTests.debug.xcconfig"; path = "Pods/Target Support Files/Pods-CarnegieTests/Pods-CarnegieTests.debug.xcconfig"; sourceTree = "<group>"; };
		DC6D50AAC9662A36C4E941BB /* libPods-CarnegieUITests.a */ = {isa = PBXFileReference; explicitFileType = archive.ar; includeInIndex = 0; path = "libPods-CarnegieUITests.a"; sourceTree = BUILT_PRODUCTS_DIR; };
		E0456C8A778B801C60CA0919 /* Pods-CarnegieUITests.debug.xcconfig */ = {isa = PBXFileReference; includeInIndex = 1; lastKnownFileType = text.xcconfig; name = "Pods-CarnegieUITests.debug.xcconfig"; path = "Pods/Target Support Files/Pods-CarnegieUITests/Pods-CarnegieUITests.debug.xcconfig"; sourceTree = "<group>"; };
/* End PBXFileReference section */

/* Begin PBXFrameworksBuildPhase section */
		0A2CA0F11E24026D00A583A3 /* Frameworks */ = {
			isa = PBXFrameworksBuildPhase;
			buildActionMask = 2147483647;
			files = (
				594A25ACABB96913F62DF297 /* libPods-Carnegie.a in Frameworks */,
			);
			runOnlyForDeploymentPostprocessing = 0;
		};
		0A2CA10A1E24026D00A583A3 /* Frameworks */ = {
			isa = PBXFrameworksBuildPhase;
			buildActionMask = 2147483647;
			files = (
				FBB1227880C91FC0355E6312 /* libPods-CarnegieTests.a in Frameworks */,
			);
			runOnlyForDeploymentPostprocessing = 0;
		};
		0A2CA1151E24026D00A583A3 /* Frameworks */ = {
			isa = PBXFrameworksBuildPhase;
			buildActionMask = 2147483647;
			files = (
				782639B62E75D856CBF55A7E /* libPods-CarnegieUITests.a in Frameworks */,
			);
			runOnlyForDeploymentPostprocessing = 0;
		};
/* End PBXFrameworksBuildPhase section */

/* Begin PBXGroup section */
		0A2CA0EB1E24026D00A583A3 = {
			isa = PBXGroup;
			children = (
				0AAC39A31E246DC900065DFD /* Default-568h@2x.png */,
				0A2CA0F61E24026D00A583A3 /* Carnegie */,
				0A2CA1101E24026D00A583A3 /* CarnegieTests */,
				0A2CA11B1E24026D00A583A3 /* CarnegieUITests */,
				0A2CA0F51E24026D00A583A3 /* Products */,
				A0BEAF4E24E5EC5C354FD7E1 /* Pods */,
				255FB2770F3B4B67B5B24455 /* Frameworks */,
			);
			sourceTree = "<group>";
		};
		0A2CA0F51E24026D00A583A3 /* Products */ = {
			isa = PBXGroup;
			children = (
				0A2CA0F41E24026D00A583A3 /* Carnegie.app */,
				0A2CA10D1E24026D00A583A3 /* CarnegieTests.xctest */,
				0A2CA1181E24026D00A583A3 /* CarnegieUITests.xctest */,
			);
			name = Products;
			sourceTree = "<group>";
		};
		0A2CA0F61E24026D00A583A3 /* Carnegie */ = {
			isa = PBXGroup;
			children = (
				0AAC39B51E2E9FB500065DFD /* Controllers */,
				0AAC39AE1E25512D00065DFD /* Models */,
				0A45D94C1E24035F006E4103 /* Carnegie.entitlements */,
				0A2CA0FA1E24026D00A583A3 /* AppDelegate.h */,
				0A2CA0FB1E24026D00A583A3 /* AppDelegate.m */,
				0A2CA1031E24026D00A583A3 /* Assets.xcassets */,
				0A2CA1081E24026D00A583A3 /* Info.plist */,
				0A2CA0F71E24026D00A583A3 /* Supporting Files */,
				0AAC39A51E24727400065DFD /* CNGECalendarManager.h */,
				0AAC39A61E24727400065DFD /* CNGECalendarManager.m */,
			);
			path = Carnegie;
			sourceTree = "<group>";
		};
		0A2CA0F71E24026D00A583A3 /* Supporting Files */ = {
			isa = PBXGroup;
			children = (
				0A45D94A1E2402A6006E4103 /* GoogleService-Info.plist */,
				0A2CA0F81E24026D00A583A3 /* main.m */,
				0AAC39B61E2EABC200065DFD /* Carnegie.pch */,
			);
			name = "Supporting Files";
			sourceTree = "<group>";
		};
		0A2CA1101E24026D00A583A3 /* CarnegieTests */ = {
			isa = PBXGroup;
			children = (
				0A2CA1111E24026D00A583A3 /* CarnegieTests.m */,
				0A2CA1131E24026D00A583A3 /* Info.plist */,
			);
			path = CarnegieTests;
			sourceTree = "<group>";
		};
		0A2CA11B1E24026D00A583A3 /* CarnegieUITests */ = {
			isa = PBXGroup;
			children = (
				0A2CA11C1E24026D00A583A3 /* CarnegieUITests.m */,
				0A2CA11E1E24026D00A583A3 /* Info.plist */,
			);
			path = CarnegieUITests;
			sourceTree = "<group>";
		};
		0AAC39AE1E25512D00065DFD /* Models */ = {
			isa = PBXGroup;
			children = (
				0AAC39A81E2550CE00065DFD /* Event.h */,
				0AAC39A91E2550CE00065DFD /* Event.m */,
				0AAC39AB1E25512800065DFD /* Contact.h */,
				0AAC39AC1E25512800065DFD /* Contact.m */,
				0AAC39B21E2C908200065DFD /* Schedule.h */,
				0AAC39B31E2C908200065DFD /* Schedule.m */,
			);
			name = Models;
			sourceTree = "<group>";
		};
		0AAC39B51E2E9FB500065DFD /* Controllers */ = {
			isa = PBXGroup;
			children = (
				0A2CA0FD1E24026D00A583A3 /* ScheduleViewController.h */,
				0A2CA0FE1E24026D00A583A3 /* ScheduleViewController.m */,
				0AAC39B71E2ECC2100065DFD /* SettingsViewController.h */,
				0AAC39B81E2ECC2100065DFD /* SettingsViewController.m */,
			);
			name = Controllers;
			sourceTree = "<group>";
		};
		255FB2770F3B4B67B5B24455 /* Frameworks */ = {
			isa = PBXGroup;
			children = (
				25596A55B7D9B3815222B5B4 /* libPods-Carnegie.a */,
				6D25394CB2BE78E1B1BC9BF0 /* libPods-CarnegieTests.a */,
				DC6D50AAC9662A36C4E941BB /* libPods-CarnegieUITests.a */,
			);
			name = Frameworks;
			sourceTree = "<group>";
		};
		A0BEAF4E24E5EC5C354FD7E1 /* Pods */ = {
			isa = PBXGroup;
			children = (
				A4743D24D84DD9263C3EF212 /* Pods-Carnegie.debug.xcconfig */,
				8A7A10C7264AB1D39019BD1F /* Pods-Carnegie.release.xcconfig */,
				ABEF2E33A8D531CDE1D1825D /* Pods-CarnegieTests.debug.xcconfig */,
				33AC21D96D3CC5DA327A9B37 /* Pods-CarnegieTests.release.xcconfig */,
				E0456C8A778B801C60CA0919 /* Pods-CarnegieUITests.debug.xcconfig */,
				873D79E64BB70BECE0E4E195 /* Pods-CarnegieUITests.release.xcconfig */,
			);
			name = Pods;
			sourceTree = "<group>";
		};
/* End PBXGroup section */

/* Begin PBXNativeTarget section */
		0A2CA0F31E24026D00A583A3 /* Carnegie */ = {
			isa = PBXNativeTarget;
			buildConfigurationList = 0A2CA1211E24026D00A583A3 /* Build configuration list for PBXNativeTarget "Carnegie" */;
			buildPhases = (
				ADF9CD42E18B26CEFF0A4679 /* [CP] Check Pods Manifest.lock */,
				0A2CA0F01E24026D00A583A3 /* Sources */,
				0A2CA0F11E24026D00A583A3 /* Frameworks */,
				0A2CA0F21E24026D00A583A3 /* Resources */,
				0E83EE33FCF0854DFDC5E31B /* [CP] Embed Pods Frameworks */,
				3268B5DB7659C620FF3CBE3F /* [CP] Copy Pods Resources */,
			);
			buildRules = (
			);
			dependencies = (
			);
			name = Carnegie;
			productName = Carnegie;
			productReference = 0A2CA0F41E24026D00A583A3 /* Carnegie.app */;
			productType = "com.apple.product-type.application";
		};
		0A2CA10C1E24026D00A583A3 /* CarnegieTests */ = {
			isa = PBXNativeTarget;
			buildConfigurationList = 0A2CA1241E24026D00A583A3 /* Build configuration list for PBXNativeTarget "CarnegieTests" */;
			buildPhases = (
				C81B1786E8B3DBB4E15C8CC0 /* [CP] Check Pods Manifest.lock */,
				0A2CA1091E24026D00A583A3 /* Sources */,
				0A2CA10A1E24026D00A583A3 /* Frameworks */,
				0A2CA10B1E24026D00A583A3 /* Resources */,
				0E38BD96719100E1E36BF0CD /* [CP] Embed Pods Frameworks */,
				303EA58AA53CE88A2C2A0C8D /* [CP] Copy Pods Resources */,
			);
			buildRules = (
			);
			dependencies = (
				0A2CA10F1E24026D00A583A3 /* PBXTargetDependency */,
			);
			name = CarnegieTests;
			productName = CarnegieTests;
			productReference = 0A2CA10D1E24026D00A583A3 /* CarnegieTests.xctest */;
			productType = "com.apple.product-type.bundle.unit-test";
		};
		0A2CA1171E24026D00A583A3 /* CarnegieUITests */ = {
			isa = PBXNativeTarget;
			buildConfigurationList = 0A2CA1271E24026D00A583A3 /* Build configuration list for PBXNativeTarget "CarnegieUITests" */;
			buildPhases = (
				BBAC362A7A7B37BDBA62EC67 /* [CP] Check Pods Manifest.lock */,
				0A2CA1141E24026D00A583A3 /* Sources */,
				0A2CA1151E24026D00A583A3 /* Frameworks */,
				0A2CA1161E24026D00A583A3 /* Resources */,
				5B5F9B61AE0B1E2FECE8F99F /* [CP] Embed Pods Frameworks */,
				9AC4BF189E43719B1CFF6164 /* [CP] Copy Pods Resources */,
			);
			buildRules = (
			);
			dependencies = (
				0A2CA11A1E24026D00A583A3 /* PBXTargetDependency */,
			);
			name = CarnegieUITests;
			productName = CarnegieUITests;
			productReference = 0A2CA1181E24026D00A583A3 /* CarnegieUITests.xctest */;
			productType = "com.apple.product-type.bundle.ui-testing";
		};
/* End PBXNativeTarget section */

/* Begin PBXProject section */
		0A2CA0EC1E24026D00A583A3 /* Project object */ = {
			isa = PBXProject;
			attributes = {
				LastUpgradeCheck = 0820;
				ORGANIZATIONNAME = Overlord;
				TargetAttributes = {
					0A2CA0F31E24026D00A583A3 = {
						CreatedOnToolsVersion = 8.2.1;
						DevelopmentTeam = P22769J222;
						ProvisioningStyle = Automatic;
						SystemCapabilities = {
							com.apple.Keychain = {
								enabled = 1;
							};
						};
					};
					0A2CA10C1E24026D00A583A3 = {
						CreatedOnToolsVersion = 8.2.1;
						ProvisioningStyle = Automatic;
						TestTargetID = 0A2CA0F31E24026D00A583A3;
					};
					0A2CA1171E24026D00A583A3 = {
						CreatedOnToolsVersion = 8.2.1;
						ProvisioningStyle = Automatic;
						TestTargetID = 0A2CA0F31E24026D00A583A3;
					};
				};
			};
			buildConfigurationList = 0A2CA0EF1E24026D00A583A3 /* Build configuration list for PBXProject "Carnegie" */;
			compatibilityVersion = "Xcode 3.2";
			developmentRegion = English;
			hasScannedForEncodings = 0;
			knownRegions = (
				en,
				Base,
			);
			mainGroup = 0A2CA0EB1E24026D00A583A3;
			productRefGroup = 0A2CA0F51E24026D00A583A3 /* Products */;
			projectDirPath = "";
			projectRoot = "";
			targets = (
				0A2CA0F31E24026D00A583A3 /* Carnegie */,
				0A2CA10C1E24026D00A583A3 /* CarnegieTests */,
				0A2CA1171E24026D00A583A3 /* CarnegieUITests */,
			);
		};
/* End PBXProject section */

/* Begin PBXResourcesBuildPhase section */
		0A2CA0F21E24026D00A583A3 /* Resources */ = {
			isa = PBXResourcesBuildPhase;
			buildActionMask = 2147483647;
			files = (
				0A45D94B1E2402A6006E4103 /* GoogleService-Info.plist in Resources */,
				0A2CA1041E24026D00A583A3 /* Assets.xcassets in Resources */,
				0AAC39A41E246DC900065DFD /* Default-568h@2x.png in Resources */,
			);
			runOnlyForDeploymentPostprocessing = 0;
		};
		0A2CA10B1E24026D00A583A3 /* Resources */ = {
			isa = PBXResourcesBuildPhase;
			buildActionMask = 2147483647;
			files = (
			);
			runOnlyForDeploymentPostprocessing = 0;
		};
		0A2CA1161E24026D00A583A3 /* Resources */ = {
			isa = PBXResourcesBuildPhase;
			buildActionMask = 2147483647;
			files = (
			);
			runOnlyForDeploymentPostprocessing = 0;
		};
/* End PBXResourcesBuildPhase section */

/* Begin PBXShellScriptBuildPhase section */
		0E38BD96719100E1E36BF0CD /* [CP] Embed Pods Frameworks */ = {
			isa = PBXShellScriptBuildPhase;
			buildActionMask = 2147483647;
			files = (
			);
			inputPaths = (
			);
			name = "[CP] Embed Pods Frameworks";
			outputPaths = (
			);
			runOnlyForDeploymentPostprocessing = 0;
			shellPath = /bin/sh;
			shellScript = "\"${SRCROOT}/Pods/Target Support Files/Pods-CarnegieTests/Pods-CarnegieTests-frameworks.sh\"\n";
			showEnvVarsInLog = 0;
		};
		0E83EE33FCF0854DFDC5E31B /* [CP] Embed Pods Frameworks */ = {
			isa = PBXShellScriptBuildPhase;
			buildActionMask = 2147483647;
			files = (
			);
			inputPaths = (
			);
			name = "[CP] Embed Pods Frameworks";
			outputPaths = (
			);
			runOnlyForDeploymentPostprocessing = 0;
			shellPath = /bin/sh;
			shellScript = "\"${SRCROOT}/Pods/Target Support Files/Pods-Carnegie/Pods-Carnegie-frameworks.sh\"\n";
			showEnvVarsInLog = 0;
		};
		303EA58AA53CE88A2C2A0C8D /* [CP] Copy Pods Resources */ = {
			isa = PBXShellScriptBuildPhase;
			buildActionMask = 2147483647;
			files = (
			);
			inputPaths = (
			);
			name = "[CP] Copy Pods Resources";
			outputPaths = (
			);
			runOnlyForDeploymentPostprocessing = 0;
			shellPath = /bin/sh;
			shellScript = "\"${SRCROOT}/Pods/Target Support Files/Pods-CarnegieTests/Pods-CarnegieTests-resources.sh\"\n";
			showEnvVarsInLog = 0;
		};
		3268B5DB7659C620FF3CBE3F /* [CP] Copy Pods Resources */ = {
			isa = PBXShellScriptBuildPhase;
			buildActionMask = 2147483647;
			files = (
			);
			inputPaths = (
			);
			name = "[CP] Copy Pods Resources";
			outputPaths = (
			);
			runOnlyForDeploymentPostprocessing = 0;
			shellPath = /bin/sh;
			shellScript = "\"${SRCROOT}/Pods/Target Support Files/Pods-Carnegie/Pods-Carnegie-resources.sh\"\n";
			showEnvVarsInLog = 0;
		};
		5B5F9B61AE0B1E2FECE8F99F /* [CP] Embed Pods Frameworks */ = {
			isa = PBXShellScriptBuildPhase;
			buildActionMask = 2147483647;
			files = (
			);
			inputPaths = (
			);
			name = "[CP] Embed Pods Frameworks";
			outputPaths = (
			);
			runOnlyForDeploymentPostprocessing = 0;
			shellPath = /bin/sh;
			shellScript = "\"${SRCROOT}/Pods/Target Support Files/Pods-CarnegieUITests/Pods-CarnegieUITests-frameworks.sh\"\n";
			showEnvVarsInLog = 0;
		};
		9AC4BF189E43719B1CFF6164 /* [CP] Copy Pods Resources */ = {
			isa = PBXShellScriptBuildPhase;
			buildActionMask = 2147483647;
			files = (
			);
			inputPaths = (
			);
			name = "[CP] Copy Pods Resources";
			outputPaths = (
			);
			runOnlyForDeploymentPostprocessing = 0;
			shellPath = /bin/sh;
			shellScript = "\"${SRCROOT}/Pods/Target Support Files/Pods-CarnegieUITests/Pods-CarnegieUITests-resources.sh\"\n";
			showEnvVarsInLog = 0;
		};
		ADF9CD42E18B26CEFF0A4679 /* [CP] Check Pods Manifest.lock */ = {
			isa = PBXShellScriptBuildPhase;
			buildActionMask = 2147483647;
			files = (
			);
			inputPaths = (
			);
			name = "[CP] Check Pods Manifest.lock";
			outputPaths = (
			);
			runOnlyForDeploymentPostprocessing = 0;
			shellPath = /bin/sh;
			shellScript = "diff \"${PODS_ROOT}/../Podfile.lock\" \"${PODS_ROOT}/Manifest.lock\" > /dev/null\nif [ $? != 0 ] ; then\n    # print error to STDERR\n    echo \"error: The sandbox is not in sync with the Podfile.lock. Run 'pod install' or update your CocoaPods installation.\" >&2\n    exit 1\nfi\n";
			showEnvVarsInLog = 0;
		};
		BBAC362A7A7B37BDBA62EC67 /* [CP] Check Pods Manifest.lock */ = {
			isa = PBXShellScriptBuildPhase;
			buildActionMask = 2147483647;
			files = (
			);
			inputPaths = (
			);
			name = "[CP] Check Pods Manifest.lock";
			outputPaths = (
			);
			runOnlyForDeploymentPostprocessing = 0;
			shellPath = /bin/sh;
			shellScript = "diff \"${PODS_ROOT}/../Podfile.lock\" \"${PODS_ROOT}/Manifest.lock\" > /dev/null\nif [ $? != 0 ] ; then\n    # print error to STDERR\n    echo \"error: The sandbox is not in sync with the Podfile.lock. Run 'pod install' or update your CocoaPods installation.\" >&2\n    exit 1\nfi\n";
			showEnvVarsInLog = 0;
		};
		C81B1786E8B3DBB4E15C8CC0 /* [CP] Check Pods Manifest.lock */ = {
			isa = PBXShellScriptBuildPhase;
			buildActionMask = 2147483647;
			files = (
			);
			inputPaths = (
			);
			name = "[CP] Check Pods Manifest.lock";
			outputPaths = (
			);
			runOnlyForDeploymentPostprocessing = 0;
			shellPath = /bin/sh;
			shellScript = "diff \"${PODS_ROOT}/../Podfile.lock\" \"${PODS_ROOT}/Manifest.lock\" > /dev/null\nif [ $? != 0 ] ; then\n    # print error to STDERR\n    echo \"error: The sandbox is not in sync with the Podfile.lock. Run 'pod install' or update your CocoaPods installation.\" >&2\n    exit 1\nfi\n";
			showEnvVarsInLog = 0;
		};
/* End PBXShellScriptBuildPhase section */

/* Begin PBXSourcesBuildPhase section */
		0A2CA0F01E24026D00A583A3 /* Sources */ = {
			isa = PBXSourcesBuildPhase;
			buildActionMask = 2147483647;
			files = (
				0AAC39AA1E2550CE00065DFD /* Event.m in Sources */,
				0A2CA0FF1E24026D00A583A3 /* ScheduleViewController.m in Sources */,
				0AAC39B41E2C908200065DFD /* Schedule.m in Sources */,
				0AAC39B91E2ECC2100065DFD /* SettingsViewController.m in Sources */,
				0A2CA0FC1E24026D00A583A3 /* AppDelegate.m in Sources */,
				0AAC39A71E24727400065DFD /* CNGECalendarManager.m in Sources */,
				0AAC39AD1E25512800065DFD /* Contact.m in Sources */,
				0A2CA0F91E24026D00A583A3 /* main.m in Sources */,
			);
			runOnlyForDeploymentPostprocessing = 0;
		};
		0A2CA1091E24026D00A583A3 /* Sources */ = {
			isa = PBXSourcesBuildPhase;
			buildActionMask = 2147483647;
			files = (
				0A2CA1121E24026D00A583A3 /* CarnegieTests.m in Sources */,
			);
			runOnlyForDeploymentPostprocessing = 0;
		};
		0A2CA1141E24026D00A583A3 /* Sources */ = {
			isa = PBXSourcesBuildPhase;
			buildActionMask = 2147483647;
			files = (
				0A2CA11D1E24026D00A583A3 /* CarnegieUITests.m in Sources */,
			);
			runOnlyForDeploymentPostprocessing = 0;
		};
/* End PBXSourcesBuildPhase section */

/* Begin PBXTargetDependency section */
		0A2CA10F1E24026D00A583A3 /* PBXTargetDependency */ = {
			isa = PBXTargetDependency;
			target = 0A2CA0F31E24026D00A583A3 /* Carnegie */;
			targetProxy = 0A2CA10E1E24026D00A583A3 /* PBXContainerItemProxy */;
		};
		0A2CA11A1E24026D00A583A3 /* PBXTargetDependency */ = {
			isa = PBXTargetDependency;
			target = 0A2CA0F31E24026D00A583A3 /* Carnegie */;
			targetProxy = 0A2CA1191E24026D00A583A3 /* PBXContainerItemProxy */;
		};
/* End PBXTargetDependency section */

/* Begin XCBuildConfiguration section */
		0A2CA11F1E24026D00A583A3 /* Debug */ = {
			isa = XCBuildConfiguration;
			buildSettings = {
				ALWAYS_SEARCH_USER_PATHS = NO;
				CLANG_ANALYZER_NONNULL = YES;
				CLANG_CXX_LANGUAGE_STANDARD = "gnu++0x";
				CLANG_CXX_LIBRARY = "libc++";
				CLANG_ENABLE_MODULES = YES;
				CLANG_ENABLE_OBJC_ARC = YES;
				CLANG_WARN_BOOL_CONVERSION = YES;
				CLANG_WARN_CONSTANT_CONVERSION = YES;
				CLANG_WARN_DIRECT_OBJC_ISA_USAGE = YES_ERROR;
				CLANG_WARN_DOCUMENTATION_COMMENTS = YES;
				CLANG_WARN_EMPTY_BODY = YES;
				CLANG_WARN_ENUM_CONVERSION = YES;
				CLANG_WARN_INFINITE_RECURSION = YES;
				CLANG_WARN_INT_CONVERSION = YES;
				CLANG_WARN_OBJC_ROOT_CLASS = YES_ERROR;
				CLANG_WARN_SUSPICIOUS_MOVE = YES;
				CLANG_WARN_UNREACHABLE_CODE = YES;
				CLANG_WARN__DUPLICATE_METHOD_MATCH = YES;
				"CODE_SIGN_IDENTITY[sdk=iphoneos*]" = "iPhone Developer";
				COPY_PHASE_STRIP = NO;
				DEBUG_INFORMATION_FORMAT = dwarf;
				ENABLE_STRICT_OBJC_MSGSEND = YES;
				ENABLE_TESTABILITY = YES;
				GCC_C_LANGUAGE_STANDARD = gnu99;
				GCC_DYNAMIC_NO_PIC = NO;
				GCC_NO_COMMON_BLOCKS = YES;
				GCC_OPTIMIZATION_LEVEL = 0;
				GCC_PREPROCESSOR_DEFINITIONS = (
					"DEBUG=1",
					"$(inherited)",
				);
				GCC_WARN_64_TO_32_BIT_CONVERSION = YES;
				GCC_WARN_ABOUT_RETURN_TYPE = YES_ERROR;
				GCC_WARN_UNDECLARED_SELECTOR = YES;
				GCC_WARN_UNINITIALIZED_AUTOS = YES_AGGRESSIVE;
				GCC_WARN_UNUSED_FUNCTION = YES;
				GCC_WARN_UNUSED_VARIABLE = YES;
				IPHONEOS_DEPLOYMENT_TARGET = 10.2;
				MTL_ENABLE_DEBUG_INFO = YES;
				ONLY_ACTIVE_ARCH = YES;
				SDKROOT = iphoneos;
			};
			name = Debug;
		};
		0A2CA1201E24026D00A583A3 /* Release */ = {
			isa = XCBuildConfiguration;
			buildSettings = {
				ALWAYS_SEARCH_USER_PATHS = NO;
				CLANG_ANALYZER_NONNULL = YES;
				CLANG_CXX_LANGUAGE_STANDARD = "gnu++0x";
				CLANG_CXX_LIBRARY = "libc++";
				CLANG_ENABLE_MODULES = YES;
				CLANG_ENABLE_OBJC_ARC = YES;
				CLANG_WARN_BOOL_CONVERSION = YES;
				CLANG_WARN_CONSTANT_CONVERSION = YES;
				CLANG_WARN_DIRECT_OBJC_ISA_USAGE = YES_ERROR;
				CLANG_WARN_DOCUMENTATION_COMMENTS = YES;
				CLANG_WARN_EMPTY_BODY = YES;
				CLANG_WARN_ENUM_CONVERSION = YES;
				CLANG_WARN_INFINITE_RECURSION = YES;
				CLANG_WARN_INT_CONVERSION = YES;
				CLANG_WARN_OBJC_ROOT_CLASS = YES_ERROR;
				CLANG_WARN_SUSPICIOUS_MOVE = YES;
				CLANG_WARN_UNREACHABLE_CODE = YES;
				CLANG_WARN__DUPLICATE_METHOD_MATCH = YES;
				"CODE_SIGN_IDENTITY[sdk=iphoneos*]" = "iPhone Developer";
				COPY_PHASE_STRIP = NO;
				DEBUG_INFORMATION_FORMAT = "dwarf-with-dsym";
				ENABLE_NS_ASSERTIONS = NO;
				ENABLE_STRICT_OBJC_MSGSEND = YES;
				GCC_C_LANGUAGE_STANDARD = gnu99;
				GCC_NO_COMMON_BLOCKS = YES;
				GCC_WARN_64_TO_32_BIT_CONVERSION = YES;
				GCC_WARN_ABOUT_RETURN_TYPE = YES_ERROR;
				GCC_WARN_UNDECLARED_SELECTOR = YES;
				GCC_WARN_UNINITIALIZED_AUTOS = YES_AGGRESSIVE;
				GCC_WARN_UNUSED_FUNCTION = YES;
				GCC_WARN_UNUSED_VARIABLE = YES;
				IPHONEOS_DEPLOYMENT_TARGET = 10.2;
				MTL_ENABLE_DEBUG_INFO = NO;
				SDKROOT = iphoneos;
				VALIDATE_PRODUCT = YES;
			};
			name = Release;
		};
		0A2CA1221E24026D00A583A3 /* Debug */ = {
			isa = XCBuildConfiguration;
			baseConfigurationReference = A4743D24D84DD9263C3EF212 /* Pods-Carnegie.debug.xcconfig */;
			buildSettings = {
				ASSETCATALOG_COMPILER_APPICON_NAME = AppIcon;
				CODE_SIGN_ENTITLEMENTS = Carnegie/Carnegie.entitlements;
				DEVELOPMENT_TEAM = P22769J222;
				GCC_PRECOMPILE_PREFIX_HEADER = YES;
				GCC_PREFIX_HEADER = carnegie/Carnegie.pch;
				INFOPLIST_FILE = Carnegie/Info.plist;
				LD_RUNPATH_SEARCH_PATHS = "$(inherited) @executable_path/Frameworks";
				PRODUCT_BUNDLE_IDENTIFIER = com.rdhjr.carnegie;
				PRODUCT_NAME = "$(TARGET_NAME)";
			};
			name = Debug;
		};
		0A2CA1231E24026D00A583A3 /* Release */ = {
			isa = XCBuildConfiguration;
			baseConfigurationReference = 8A7A10C7264AB1D39019BD1F /* Pods-Carnegie.release.xcconfig */;
			buildSettings = {
				ASSETCATALOG_COMPILER_APPICON_NAME = AppIcon;
				CODE_SIGN_ENTITLEMENTS = Carnegie/Carnegie.entitlements;
				DEVELOPMENT_TEAM = P22769J222;
				GCC_PRECOMPILE_PREFIX_HEADER = YES;
				GCC_PREFIX_HEADER = carnegie/Carnegie.pch;
				INFOPLIST_FILE = Carnegie/Info.plist;
				LD_RUNPATH_SEARCH_PATHS = "$(inherited) @executable_path/Frameworks";
				PRODUCT_BUNDLE_IDENTIFIER = com.rdhjr.carnegie;
				PRODUCT_NAME = "$(TARGET_NAME)";
			};
			name = Release;
		};
		0A2CA1251E24026D00A583A3 /* Debug */ = {
			isa = XCBuildConfiguration;
			baseConfigurationReference = ABEF2E33A8D531CDE1D1825D /* Pods-CarnegieTests.debug.xcconfig */;
			buildSettings = {
				BUNDLE_LOADER = "$(TEST_HOST)";
				INFOPLIST_FILE = CarnegieTests/Info.plist;
				LD_RUNPATH_SEARCH_PATHS = "$(inherited) @executable_path/Frameworks @loader_path/Frameworks";
				PRODUCT_BUNDLE_IDENTIFIER = com.rdhjr.carnegie.CarnegieTests;
				PRODUCT_NAME = "$(TARGET_NAME)";
				TEST_HOST = "$(BUILT_PRODUCTS_DIR)/Carnegie.app/Carnegie";
			};
			name = Debug;
		};
		0A2CA1261E24026D00A583A3 /* Release */ = {
			isa = XCBuildConfiguration;
			baseConfigurationReference = 33AC21D96D3CC5DA327A9B37 /* Pods-CarnegieTests.release.xcconfig */;
			buildSettings = {
				BUNDLE_LOADER = "$(TEST_HOST)";
				INFOPLIST_FILE = CarnegieTests/Info.plist;
				LD_RUNPATH_SEARCH_PATHS = "$(inherited) @executable_path/Frameworks @loader_path/Frameworks";
				PRODUCT_BUNDLE_IDENTIFIER = com.rdhjr.carnegie.CarnegieTests;
				PRODUCT_NAME = "$(TARGET_NAME)";
				TEST_HOST = "$(BUILT_PRODUCTS_DIR)/Carnegie.app/Carnegie";
			};
			name = Release;
		};
		0A2CA1281E24026D00A583A3 /* Debug */ = {
			isa = XCBuildConfiguration;
			baseConfigurationReference = E0456C8A778B801C60CA0919 /* Pods-CarnegieUITests.debug.xcconfig */;
			buildSettings = {
				INFOPLIST_FILE = CarnegieUITests/Info.plist;
				LD_RUNPATH_SEARCH_PATHS = "$(inherited) @executable_path/Frameworks @loader_path/Frameworks";
				PRODUCT_BUNDLE_IDENTIFIER = com.rdhjr.carnegie.CarnegieUITests;
				PRODUCT_NAME = "$(TARGET_NAME)";
				TEST_TARGET_NAME = Carnegie;
			};
			name = Debug;
		};
		0A2CA1291E24026D00A583A3 /* Release */ = {
			isa = XCBuildConfiguration;
			baseConfigurationReference = 873D79E64BB70BECE0E4E195 /* Pods-CarnegieUITests.release.xcconfig */;
			buildSettings = {
				INFOPLIST_FILE = CarnegieUITests/Info.plist;
				LD_RUNPATH_SEARCH_PATHS = "$(inherited) @executable_path/Frameworks @loader_path/Frameworks";
				PRODUCT_BUNDLE_IDENTIFIER = com.rdhjr.carnegie.CarnegieUITests;
				PRODUCT_NAME = "$(TARGET_NAME)";
				TEST_TARGET_NAME = Carnegie;
			};
			name = Release;
		};
/* End XCBuildConfiguration section */

/* Begin XCConfigurationList section */
		0A2CA0EF1E24026D00A583A3 /* Build configuration list for PBXProject "Carnegie" */ = {
			isa = XCConfigurationList;
			buildConfigurations = (
				0A2CA11F1E24026D00A583A3 /* Debug */,
				0A2CA1201E24026D00A583A3 /* Release */,
			);
			defaultConfigurationIsVisible = 0;
			defaultConfigurationName = Release;
		};
		0A2CA1211E24026D00A583A3 /* Build configuration list for PBXNativeTarget "Carnegie" */ = {
			isa = XCConfigurationList;
			buildConfigurations = (
				0A2CA1221E24026D00A583A3 /* Debug */,
				0A2CA1231E24026D00A583A3 /* Release */,
			);
			defaultConfigurationIsVisible = 0;
			defaultConfigurationName = Release;
		};
		0A2CA1241E24026D00A583A3 /* Build configuration list for PBXNativeTarget "CarnegieTests" */ = {
			isa = XCConfigurationList;
			buildConfigurations = (
				0A2CA1251E24026D00A583A3 /* Debug */,
				0A2CA1261E24026D00A583A3 /* Release */,
			);
			defaultConfigurationIsVisible = 0;
			defaultConfigurationName = Release;
		};
		0A2CA1271E24026D00A583A3 /* Build configuration list for PBXNativeTarget "CarnegieUITests" */ = {
			isa = XCConfigurationList;
			buildConfigurations = (
				0A2CA1281E24026D00A583A3 /* Debug */,
				0A2CA1291E24026D00A583A3 /* Release */,
			);
			defaultConfigurationIsVisible = 0;
			defaultConfigurationName = Release;
		};
/* End XCConfigurationList section */
	};
	rootObject = 0A2CA0EC1E24026D00A583A3 /* Project object */;
}
